
Microsoft Visual Studio Solution File, Format Version 12.00
# Visual Studio Version 17
VisualStudioVersion = 17.5.002.0
MinimumVisualStudioVersion = 10.0.40219.1
Project("{9A19103F-16F7-4668-BE54-9A1E7A4F7556}") = "Frontend.Api", "Backend\Frontend.Api.csproj", "{201C4479-E6CA-4961-A3C6-9F133EEE5B1E}"
EndProject
Project("{9A19103F-16F7-4668-BE54-9A1E7A4F7556}") = "Frontend.App", "Frontend\Frontend.App.csproj", "{6AF4FFC6-2DF2-4561-8552-E19DFE27DF00}"
EndProject
Global
	GlobalSection(SolutionConfigurationPlatforms) = preSolution
		Debug|Any CPU = Debug|Any CPU
		Release|Any CPU = Release|Any CPU
	EndGlobalSection
	GlobalSection(ProjectConfigurationPlatforms) = postSolution
		{201C4479-E6CA-4961-A3C6-9F133EEE5B1E}.Debug|Any CPU.ActiveCfg = Debug|Any CPU
		{201C4479-E6CA-4961-A3C6-9F133EEE5B1E}.Debug|Any CPU.Build.0 = Debug|Any CPU
		{201C4479-E6CA-4961-A3C6-9F133EEE5B1E}.Release|Any CPU.ActiveCfg = Release|Any CPU
		{201C4479-E6CA-4961-A3C6-9F133EEE5B1E}.Release|Any CPU.Build.0 = Release|Any CPU
		{6AF4FFC6-2DF2-4561-8552-E19DFE27DF00}.Debug|Any CPU.ActiveCfg = Debug|Any CPU
		{6AF4FFC6-2DF2-4561-8552-E19DFE27DF00}.Debug|Any CPU.Build.0 = Debug|Any CPU
		{6AF4FFC6-2DF2-4561-8552-E19DFE27DF00}.Release|Any CPU.ActiveCfg = Release|Any CPU
		{6AF4FFC6-2DF2-4561-8552-E19DFE27DF00}.Release|Any CPU.Build.0 = Release|Any CPU
	EndGlobalSection
	GlobalSection(SolutionProperties) = preSolution
		HideSolutionNode = FALSE
	EndGlobalSection
	GlobalSection(ExtensibilityGlobals) = postSolution
		SolutionGuid = {ECCAFCF2-FB64-4398-B2AC-ABC5ADC357CD}
	EndGlobalSection
EndGlobal
